
Microsoft Visual Studio Solution File, Format Version 12.00
Project("{FAE04EC0-301F-11D3-BF4B-00C04F79EFBC}") = "password-usermanagement", "password-usermanagement\password-usermanagement.csproj", "{1B97996F-ECD9-4B31-AF8C-2D414EA0E89B}"
EndProject
Project("{FAE04EC0-301F-11D3-BF4B-00C04F79EFBC}") = "usermanagement-tests", "usermanagement-tests\usermanagement-tests.csproj", "{DA6F8955-A0D3-412C-AD73-D67FF61A6FDA}"
EndProject
Global
	GlobalSection(SolutionConfigurationPlatforms) = preSolution
		Debug|Any CPU = Debug|Any CPU
		Release|Any CPU = Release|Any CPU
	EndGlobalSection
	GlobalSection(ProjectConfigurationPlatforms) = postSolution
		{1B97996F-ECD9-4B31-AF8C-2D414EA0E89B}.Debug|Any CPU.ActiveCfg = Debug|Any CPU
		{1B97996F-ECD9-4B31-AF8C-2D414EA0E89B}.Debug|Any CPU.Build.0 = Debug|Any CPU
		{1B97996F-ECD9-4B31-AF8C-2D414EA0E89B}.Release|Any CPU.ActiveCfg = Release|Any CPU
		{1B97996F-ECD9-4B31-AF8C-2D414EA0E89B}.Release|Any CPU.Build.0 = Release|Any CPU
		{DA6F8955-A0D3-412C-AD73-D67FF61A6FDA}.Debug|Any CPU.ActiveCfg = Debug|Any CPU
		{DA6F8955-A0D3-412C-AD73-D67FF61A6FDA}.Debug|Any CPU.Build.0 = Debug|Any CPU
		{DA6F8955-A0D3-412C-AD73-D67FF61A6FDA}.Release|Any CPU.ActiveCfg = Release|Any CPU
		{DA6F8955-A0D3-412C-AD73-D67FF61A6FDA}.Release|Any CPU.Build.0 = Release|Any CPU
	EndGlobalSection
EndGlobal
